
Microsoft Visual Studio Solution File, Format Version 12.00
# Visual Studio Version 17
VisualStudioVersion = 17.7.34202.233
MinimumVisualStudioVersion = 10.0.40219.1
Project("{9A19103F-16F7-4668-BE54-9A1E7A4F7556}") = "AIChat", "AIChat.csproj", "{044C8C32-188C-4A67-A4B3-622B4E403E89}"
EndProject
Global
	GlobalSection(SolutionConfigurationPlatforms) = preSolution
		Debug|Any CPU = Debug|Any CPU
		Release|Any CPU = Release|Any CPU
	EndGlobalSection
	GlobalSection(ProjectConfigurationPlatforms) = postSolution
		{044C8C32-188C-4A67-A4B3-622B4E403E89}.Debug|Any CPU.ActiveCfg = Debug|Any CPU
		{044C8C32-188C-4A67-A4B3-622B4E403E89}.Debug|Any CPU.Build.0 = Debug|Any CPU
		{044C8C32-188C-4A67-A4B3-622B4E403E89}.Release|Any CPU.ActiveCfg = Release|Any CPU
		{044C8C32-188C-4A67-A4B3-622B4E403E89}.Release|Any CPU.Build.0 = Release|Any CPU
	EndGlobalSection
	GlobalSection(SolutionProperties) = preSolution
		HideSolutionNode = FALSE
	EndGlobalSection
	GlobalSection(ExtensibilityGlobals) = postSolution
		SolutionGuid = {AFC1EF6B-4053-42F7-8861-0984F145E104}
	EndGlobalSection
EndGlobal
